PODS:
  - Alamofire (4.2.0)
  - SwiftyJSON (3.1.3)
  - uLoda (0.0.1):
    - Alamofire (~> 4.0)
    - SwiftyJSON (~> 3.1.3)

DEPENDENCIES:
  - uLoda (from `../`)

EXTERNAL SOURCES:
  uLoda:
    :path: ../

SPEC CHECKSUMS:
  Alamofire: aa2e09d871c9160ac53c90e83c68064a94e3dfbe
  SwiftyJSON: 38a8ea2006779c0fc4c310cb2ee8195327740faf
  uLoda: d7966b9202a90113088a0fbac88b7f71fa5bc17f

PODFILE CHECKSUM: 4681883afbf224817db897eb087c7e8007114d86

COCOAPODS: 1.2.0.beta.1
