// !$*UTF8*$!
{
	archiveVersion = 1;
	classes = {
	};
	objectVersion = 46;
	objects = {

/* Begin PBXBuildFile section */
		D768F67A1DEFF523006F1F78 /* AppDelegate.swift in Sources */ = {isa = PBXBuildFile; fileRef = D768F6791DEFF523006F1F78 /* AppDelegate.swift */; };
		D768F67C1DEFF523006F1F78 /* ViewController.swift in Sources */ = {isa = PBXBuildFile; fileRef = D768F67B1DEFF523006F1F78 /* ViewController.swift */; };
		D768F67F1DEFF523006F1F78 /* Main.storyboard in Resources */ = {isa = PBXBuildFile; fileRef = D768F67D1DEFF523006F1F78 /* Main.storyboard */; };
		D768F6811DEFF523006F1F78 /* Assets.xcassets in Resources */ = {isa = PBXBuildFile; fileRef = D768F6801DEFF523006F1F78 /* Assets.xcassets */; };
		D768F6841DEFF523006F1F78 /* LaunchScreen.storyboard in Resources */ = {isa = PBXBuildFile; fileRef = D768F6821DEFF523006F1F78 /* LaunchScreen.storyboard */; };
		E0FF2E53BB9C983F8EF3FF40 /* Pods_Example.framework in Frameworks */ = {isa = PBXBuildFile; fileRef = B38848E0F104990D3C0BAB24 /* Pods_Example.framework */; };
/* End PBXBuildFile section */

/* Begin PBXFileReference section */
		3AABF014D441B321DCD68C63 /* Pods-Example.release.xcconfig */ = {isa = PBXFileReference; includeInIndex = 1; lastKnownFileType = text.xcconfig; name = "Pods-Example.release.xcconfig"; path = "Pods/Target Support Files/Pods-Example/Pods-Example.release.xcconfig"; sourceTree = "<group>"; };
		73FADE7EDDDD39074BA54E0F /* Pods-Example.debug.xcconfig */ = {isa = PBXFileReference; includeInIndex = 1; lastKnownFileType = text.xcconfig; name = "Pods-Example.debug.xcconfig"; path = "Pods/Target Support Files/Pods-Example/Pods-Example.debug.xcconfig"; sourceTree = "<group>"; };
		B38848E0F104990D3C0BAB24 /* Pods_Example.framework */ = {isa = PBXFileReference; explicitFileType = wrapper.framework; includeInIndex = 0; path = Pods_Example.framework; sourceTree = BUILT_PRODUCTS_DIR; };
		D76879B91DF024D900171492 /* uLoda.framework */ = {isa = PBXFileReference; lastKnownFileType = wrapper.framework; name = uLoda.framework; path = "../../../../Library/Developer/Xcode/DerivedData/uLoda-ginicllhlvqvbvelmyqdunsfbdyu/Build/Products/Debug-iphonesimulator/uLoda.framework"; sourceTree = "<group>"; };
		D768F6761DEFF523006F1F78 /* Example.app */ = {isa = PBXFileReference; explicitFileType = wrapper.application; includeInIndex = 0; path = Example.app; sourceTree = BUILT_PRODUCTS_DIR; };
		D768F6791DEFF523006F1F78 /* AppDelegate.swift */ = {isa = PBXFileReference; lastKnownFileType = sourcecode.swift; path = AppDelegate.swift; sourceTree = "<group>"; };
		D768F67B1DEFF523006F1F78 /* ViewController.swift */ = {isa = PBXFileReference; lastKnownFileType = sourcecode.swift; path = ViewController.swift; sourceTree = "<group>"; };
		D768F67E1DEFF523006F1F78 /* Base */ = {isa = PBXFileReference; lastKnownFileType = file.storyboard; name = Base; path = Base.lproj/Main.storyboard; sourceTree = "<group>"; };
		D768F6801DEFF523006F1F78 /* Assets.xcassets */ = {isa = PBXFileReference; lastKnownFileType = folder.assetcatalog; path = Assets.xcassets; sourceTree = "<group>"; };
		D768F6831DEFF523006F1F78 /* Base */ = {isa = PBXFileReference; lastKnownFileType = file.storyboard; name = Base; path = Base.lproj/LaunchScreen.storyboard; sourceTree = "<group>"; };
		D768F6851DEFF523006F1F78 /* Info.plist */ = {isa = PBXFileReference; lastKnownFileType = text.plist.xml; path = Info.plist; sourceTree = "<group>"; };
/* End PBXFileReference section */

/* Begin PBXFrameworksBuildPhase section */
		D768F6731DEFF523006F1F78 /* Frameworks */ = {
			isa = PBXFrameworksBuildPhase;
			buildActionMask = 2147483647;
			files = (
				E0FF2E53BB9C983F8EF3FF40 /* Pods_Example.framework in Frameworks */,
			);
			runOnlyForDeploymentPostprocessing = 0;
		};
/* End PBXFrameworksBuildPhase section */

/* Begin PBXGroup section */
		708EC32C5557274EE402A4FB /* Pods */ = {
			isa = PBXGroup;
			children = (
				73FADE7EDDDD39074BA54E0F /* Pods-Example.debug.xcconfig */,
				3AABF014D441B321DCD68C63 /* Pods-Example.release.xcconfig */,
			);
			name = Pods;
			sourceTree = "<group>";
		};
		D76879B81DF024D900171492 /* Frameworks */ = {
			isa = PBXGroup;
			children = (
				D76879B91DF024D900171492 /* uLoda.framework */,
				B38848E0F104990D3C0BAB24 /* Pods_Example.framework */,
			);
			name = Frameworks;
			sourceTree = "<group>";
		};
		D768F66D1DEFF523006F1F78 = {
			isa = PBXGroup;
			children = (
				D768F6781DEFF523006F1F78 /* Example */,
				D768F6771DEFF523006F1F78 /* Products */,
				D76879B81DF024D900171492 /* Frameworks */,
				708EC32C5557274EE402A4FB /* Pods */,
			);
			sourceTree = "<group>";
		};
		D768F6771DEFF523006F1F78 /* Products */ = {
			isa = PBXGroup;
			children = (
				D768F6761DEFF523006F1F78 /* Example.app */,
			);
			name = Products;
			sourceTree = "<group>";
		};
		D768F6781DEFF523006F1F78 /* Example */ = {
			isa = PBXGroup;
			children = (
				D768F6791DEFF523006F1F78 /* AppDelegate.swift */,
				D768F67B1DEFF523006F1F78 /* ViewController.swift */,
				D768F67D1DEFF523006F1F78 /* Main.storyboard */,
				D768F6801DEFF523006F1F78 /* Assets.xcassets */,
				D768F6821DEFF523006F1F78 /* LaunchScreen.storyboard */,
				D768F6851DEFF523006F1F78 /* Info.plist */,
			);
			path = Example;
			sourceTree = "<group>";
		};
/* End PBXGroup section */

/* Begin PBXNativeTarget section */
		D768F6751DEFF523006F1F78 /* Example */ = {
			isa = PBXNativeTarget;
			buildConfigurationList = D768F6881DEFF523006F1F78 /* Build configuration list for PBXNativeTarget "Example" */;
			buildPhases = (
				2AA2D85FE56DF9155CF01099 /* [CP] Check Pods Manifest.lock */,
				D768F6721DEFF523006F1F78 /* Sources */,
				D768F6731DEFF523006F1F78 /* Frameworks */,
				D768F6741DEFF523006F1F78 /* Resources */,
				4B095BF6B22745B6274B1FD9 /* [CP] Embed Pods Frameworks */,
				4EE816DC602B3244EA22CC15 /* [CP] Copy Pods Resources */,
			);
			buildRules = (
			);
			dependencies = (
			);
			name = Example;
			productName = Example;
			productReference = D768F6761DEFF523006F1F78 /* Example.app */;
			productType = "com.apple.product-type.application";
		};
/* End PBXNativeTarget section */

/* Begin PBXProject section */
		D768F66E1DEFF523006F1F78 /* Project object */ = {
			isa = PBXProject;
			attributes = {
				LastSwiftUpdateCheck = 0810;
				LastUpgradeCheck = 0810;
				ORGANIZATIONNAME = "Saravudh Sinsomros";
				TargetAttributes = {
					D768F6751DEFF523006F1F78 = {
						CreatedOnToolsVersion = 8.1;
						DevelopmentTeam = A3R4KF72W5;
						LastSwiftMigration = 0810;
						ProvisioningStyle = Automatic;
					};
				};
			};
			buildConfigurationList = D768F6711DEFF523006F1F78 /* Build configuration list for PBXProject "Example" */;
			compatibilityVersion = "Xcode 3.2";
			developmentRegion = English;
			hasScannedForEncodings = 0;
			knownRegions = (
				en,
				Base,
			);
			mainGroup = D768F66D1DEFF523006F1F78;
			productRefGroup = D768F6771DEFF523006F1F78 /* Products */;
			projectDirPath = "";
			projectRoot = "";
			targets = (
				D768F6751DEFF523006F1F78 /* Example */,
			);
		};
/* End PBXProject section */

/* Begin PBXResourcesBuildPhase section */
		D768F6741DEFF523006F1F78 /* Resources */ = {
			isa = PBXResourcesBuildPhase;
			buildActionMask = 2147483647;
			files = (
				D768F6841DEFF523006F1F78 /* LaunchScreen.storyboard in Resources */,
				D768F6811DEFF523006F1F78 /* Assets.xcassets in Resources */,
				D768F67F1DEFF523006F1F78 /* Main.storyboard in Resources */,
			);
			runOnlyForDeploymentPostprocessing = 0;
		};
/* End PBXResourcesBuildPhase section */

/* Begin PBXShellScriptBuildPhase section */
		2AA2D85FE56DF9155CF01099 /* [CP] Check Pods Manifest.lock */ = {
			isa = PBXShellScriptBuildPhase;
			buildActionMask = 2147483647;
			files = (
			);
			inputPaths = (
			);
			name = "[CP] Check Pods Manifest.lock";
			outputPaths = (
			);
			runOnlyForDeploymentPostprocessing = 0;
			shellPath = /bin/sh;
			shellScript = "diff \"${PODS_ROOT}/../Podfile.lock\" \"${PODS_ROOT}/Manifest.lock\" > /dev/null\nif [ $? != 0 ] ; then\n    # print error to STDERR\n    echo \"error: The sandbox is not in sync with the Podfile.lock. Run 'pod install' or update your CocoaPods installation.\" >&2\n    exit 1\nfi\n";
			showEnvVarsInLog = 0;
		};
		4B095BF6B22745B6274B1FD9 /* [CP] Embed Pods Frameworks */ = {
			isa = PBXShellScriptBuildPhase;
			buildActionMask = 2147483647;
			files = (
			);
			inputPaths = (
			);
			name = "[CP] Embed Pods Frameworks";
			outputPaths = (
			);
			runOnlyForDeploymentPostprocessing = 0;
			shellPath = /bin/sh;
			shellScript = "\"${SRCROOT}/Pods/Target Support Files/Pods-Example/Pods-Example-frameworks.sh\"\n";
			showEnvVarsInLog = 0;
		};
		4EE816DC602B3244EA22CC15 /* [CP] Copy Pods Resources */ = {
			isa = PBXShellScriptBuildPhase;
			buildActionMask = 2147483647;
			files = (
			);
			inputPaths = (
			);
			name = "[CP] Copy Pods Resources";
			outputPaths = (
			);
			runOnlyForDeploymentPostprocessing = 0;
			shellPath = /bin/sh;
			shellScript = "\"${SRCROOT}/Pods/Target Support Files/Pods-Example/Pods-Example-resources.sh\"\n";
			showEnvVarsInLog = 0;
		};
/* End PBXShellScriptBuildPhase section */

/* Begin PBXSourcesBuildPhase section */
		D768F6721DEFF523006F1F78 /* Sources */ = {
			isa = PBXSourcesBuildPhase;
			buildActionMask = 2147483647;
			files = (
				D768F67C1DEFF523006F1F78 /* ViewController.swift in Sources */,
				D768F67A1DEFF523006F1F78 /* AppDelegate.swift in Sources */,
			);
			runOnlyForDeploymentPostprocessing = 0;
		};
/* End PBXSourcesBuildPhase section */

/* Begin PBXVariantGroup section */
		D768F67D1DEFF523006F1F78 /* Main.storyboard */ = {
			isa = PBXVariantGroup;
			children = (
				D768F67E1DEFF523006F1F78 /* Base */,
			);
			name = Main.storyboard;
			sourceTree = "<group>";
		};
		D768F6821DEFF523006F1F78 /* LaunchScreen.storyboard */ = {
			isa = PBXVariantGroup;
			children = (
				D768F6831DEFF523006F1F78 /* Base */,
			);
			name = LaunchScreen.storyboard;
			sourceTree = "<group>";
		};
/* End PBXVariantGroup section */

/* Begin XCBuildConfiguration section */
		D768F6861DEFF523006F1F78 /* Debug */ = {
			isa = XCBuildConfiguration;
			buildSettings = {
				ALWAYS_SEARCH_USER_PATHS = NO;
				CLANG_ANALYZER_NONNULL = YES;
				CLANG_CXX_LANGUAGE_STANDARD = "gnu++0x";
				CLANG_CXX_LIBRARY = "libc++";
				CLANG_ENABLE_MODULES = YES;
				CLANG_ENABLE_OBJC_ARC = YES;
				CLANG_WARN_BOOL_CONVERSION = YES;
				CLANG_WARN_CONSTANT_CONVERSION = YES;
				CLANG_WARN_DIRECT_OBJC_ISA_USAGE = YES_ERROR;
				CLANG_WARN_DOCUMENTATION_COMMENTS = YES;
				CLANG_WARN_EMPTY_BODY = YES;
				CLANG_WARN_ENUM_CONVERSION = YES;
				CLANG_WARN_INFINITE_RECURSION = YES;
				CLANG_WARN_INT_CONVERSION = YES;
				CLANG_WARN_OBJC_ROOT_CLASS = YES_ERROR;
				CLANG_WARN_SUSPICIOUS_MOVES = YES;
				CLANG_WARN_UNREACHABLE_CODE = YES;
				CLANG_WARN__DUPLICATE_METHOD_MATCH = YES;
				"CODE_SIGN_IDENTITY[sdk=iphoneos*]" = "iPhone Developer";
				COPY_PHASE_STRIP = NO;
				DEBUG_INFORMATION_FORMAT = dwarf;
				ENABLE_STRICT_OBJC_MSGSEND = YES;
				ENABLE_TESTABILITY = YES;
				GCC_C_LANGUAGE_STANDARD = gnu99;
				GCC_DYNAMIC_NO_PIC = NO;
				GCC_NO_COMMON_BLOCKS = YES;
				GCC_OPTIMIZATION_LEVEL = 0;
				GCC_PREPROCESSOR_DEFINITIONS = (
					"DEBUG=1",
					"$(inherited)",
				);
				GCC_WARN_64_TO_32_BIT_CONVERSION = YES;
				GCC_WARN_ABOUT_RETURN_TYPE = YES_ERROR;
				GCC_WARN_UNDECLARED_SELECTOR = YES;
				GCC_WARN_UNINITIALIZED_AUTOS = YES_AGGRESSIVE;
				GCC_WARN_UNUSED_FUNCTION = YES;
				GCC_WARN_UNUSED_VARIABLE = YES;
				IPHONEOS_DEPLOYMENT_TARGET = 10.1;
				MTL_ENABLE_DEBUG_INFO = YES;
				ONLY_ACTIVE_ARCH = YES;
				SDKROOT = iphoneos;
				SWIFT_ACTIVE_COMPILATION_CONDITIONS = DEBUG;
				SWIFT_OPTIMIZATION_LEVEL = "-Onone";
			};
			name = Debug;
		};
		D768F6871DEFF523006F1F78 /* Release */ = {
			isa = XCBuildConfiguration;
			buildSettings = {
				ALWAYS_SEARCH_USER_PATHS = NO;
				CLANG_ANALYZER_NONNULL = YES;
				CLANG_CXX_LANGUAGE_STANDARD = "gnu++0x";
				CLANG_CXX_LIBRARY = "libc++";
				CLANG_ENABLE_MODULES = YES;
				CLANG_ENABLE_OBJC_ARC = YES;
				CLANG_WARN_BOOL_CONVERSION = YES;
				CLANG_WARN_CONSTANT_CONVERSION = YES;
				CLANG_WARN_DIRECT_OBJC_ISA_USAGE = YES_ERROR;
				CLANG_WARN_DOCUMENTATION_COMMENTS = YES;
				CLANG_WARN_EMPTY_BODY = YES;
				CLANG_WARN_ENUM_CONVERSION = YES;
				CLANG_WARN_INFINITE_RECURSION = YES;
				CLANG_WARN_INT_CONVERSION = YES;
				CLANG_WARN_OBJC_ROOT_CLASS = YES_ERROR;
				CLANG_WARN_SUSPICIOUS_MOVES = YES;
				CLANG_WARN_UNREACHABLE_CODE = YES;
				CLANG_WARN__DUPLICATE_METHOD_MATCH = YES;
				"CODE_SIGN_IDENTITY[sdk=iphoneos*]" = "iPhone Developer";
				COPY_PHASE_STRIP = NO;
				DEBUG_INFORMATION_FORMAT = "dwarf-with-dsym";
				ENABLE_NS_ASSERTIONS = NO;
				ENABLE_STRICT_OBJC_MSGSEND = YES;
				GCC_C_LANGUAGE_STANDARD = gnu99;
				GCC_NO_COMMON_BLOCKS = YES;
				GCC_WARN_64_TO_32_BIT_CONVERSION = YES;
				GCC_WARN_ABOUT_RETURN_TYPE = YES_ERROR;
				GCC_WARN_UNDECLARED_SELECTOR = YES;
				GCC_WARN_UNINITIALIZED_AUTOS = YES_AGGRESSIVE;
				GCC_WARN_UNUSED_FUNCTION = YES;
				GCC_WARN_UNUSED_VARIABLE = YES;
				IPHONEOS_DEPLOYMENT_TARGET = 10.1;
				MTL_ENABLE_DEBUG_INFO = NO;
				SDKROOT = iphoneos;
				SWIFT_OPTIMIZATION_LEVEL = "-Owholemodule";
				VALIDATE_PRODUCT = YES;
			};
			name = Release;
		};
		D768F6891DEFF523006F1F78 /* Debug */ = {
			isa = XCBuildConfiguration;
			baseConfigurationReference = 73FADE7EDDDD39074BA54E0F /* Pods-Example.debug.xcconfig */;
			buildSettings = {
				ASSETCATALOG_COMPILER_APPICON_NAME = AppIcon;
				DEVELOPMENT_TEAM = A3R4KF72W5;
				INFOPLIST_FILE = Example/Info.plist;
				LD_RUNPATH_SEARCH_PATHS = "$(inherited) @executable_path/Frameworks";
				PRODUCT_BUNDLE_IDENTIFIER = com.shorsher.Example;
				PRODUCT_NAME = "$(TARGET_NAME)";
				SWIFT_VERSION = 3.0;
			};
			name = Debug;
		};
		D768F68A1DEFF523006F1F78 /* Release */ = {
			isa = XCBuildConfiguration;
			baseConfigurationReference = 3AABF014D441B321DCD68C63 /* Pods-Example.release.xcconfig */;
			buildSettings = {
				ASSETCATALOG_COMPILER_APPICON_NAME = AppIcon;
				DEVELOPMENT_TEAM = A3R4KF72W5;
				INFOPLIST_FILE = Example/Info.plist;
				LD_RUNPATH_SEARCH_PATHS = "$(inherited) @executable_path/Frameworks";
				PRODUCT_BUNDLE_IDENTIFIER = com.shorsher.Example;
				PRODUCT_NAME = "$(TARGET_NAME)";
				SWIFT_VERSION = 3.0;
			};
			name = Release;
		};
/* End XCBuildConfiguration section */

/* Begin XCConfigurationList section */
		D768F6711DEFF523006F1F78 /* Build configuration list for PBXProject "Example" */ = {
			isa = XCConfigurationList;
			buildConfigurations = (
				D768F6861DEFF523006F1F78 /* Debug */,
				D768F6871DEFF523006F1F78 /* Release */,
			);
			defaultConfigurationIsVisible = 0;
			defaultConfigurationName = Release;
		};
		D768F6881DEFF523006F1F78 /* Build configuration list for PBXNativeTarget "Example" */ = {
			isa = XCConfigurationList;
			buildConfigurations = (
				D768F6891DEFF523006F1F78 /* Debug */,
				D768F68A1DEFF523006F1F78 /* Release */,
			);
			defaultConfigurationIsVisible = 0;
			defaultConfigurationName = Release;
		};
/* End XCConfigurationList section */
	};
	rootObject = D768F66E1DEFF523006F1F78 /* Project object */;
}
